// !$*UTF8*$!
{
	archiveVersion = 1;
	classes = {
	};
	objectVersion = 50;
	objects = {

/* Begin PBXBuildFile section */
		8496A581250EF0F4000A589C /* AppDelegate.swift in Sources */ = {isa = PBXBuildFile; fileRef = 8496A580250EF0F4000A589C /* AppDelegate.swift */; };
		8496A583250EF0F4000A589C /* SceneDelegate.swift in Sources */ = {isa = PBXBuildFile; fileRef = 8496A582250EF0F4000A589C /* SceneDelegate.swift */; };
		8496A585250EF0F4000A589C /* ViewController.swift in Sources */ = {isa = PBXBuildFile; fileRef = 8496A584250EF0F4000A589C /* ViewController.swift */; };
		8496A588250EF0F4000A589C /* Main.storyboard in Resources */ = {isa = PBXBuildFile; fileRef = 8496A586250EF0F4000A589C /* Main.storyboard */; };
		8496A58A250EF102000A589C /* Assets.xcassets in Resources */ = {isa = PBXBuildFile; fileRef = 8496A589250EF102000A589C /* Assets.xcassets */; };
		8496A58D250EF102000A589C /* LaunchScreen.storyboard in Resources */ = {isa = PBXBuildFile; fileRef = 8496A58B250EF102000A589C /* LaunchScreen.storyboard */; };
		8496A598250EF102000A589C /* FlowTests.swift in Sources */ = {isa = PBXBuildFile; fileRef = 8496A597250EF102000A589C /* FlowTests.swift */; };
		8496A5A3250EF103000A589C /* FlowUITests.swift in Sources */ = {isa = PBXBuildFile; fileRef = 8496A5A2250EF103000A589C /* FlowUITests.swift */; };
/* End PBXBuildFile section */

/* Begin PBXContainerItemProxy section */
		8496A594250EF102000A589C /* PBXContainerItemProxy */ = {
			isa = PBXContainerItemProxy;
			containerPortal = 8496A575250EF0F4000A589C /* Project object */;
			proxyType = 1;
			remoteGlobalIDString = 8496A57C250EF0F4000A589C;
			remoteInfo = Flow;
		};
		8496A59F250EF103000A589C /* PBXContainerItemProxy */ = {
			isa = PBXContainerItemProxy;
			containerPortal = 8496A575250EF0F4000A589C /* Project object */;
			proxyType = 1;
			remoteGlobalIDString = 8496A57C250EF0F4000A589C;
			remoteInfo = Flow;
		};
/* End PBXContainerItemProxy section */

/* Begin PBXFileReference section */
		8496A57D250EF0F4000A589C /* Flow.app */ = {isa = PBXFileReference; explicitFileType = wrapper.application; includeInIndex = 0; path = Flow.app; sourceTree = BUILT_PRODUCTS_DIR; };
		8496A580250EF0F4000A589C /* AppDelegate.swift */ = {isa = PBXFileReference; lastKnownFileType = sourcecode.swift; path = AppDelegate.swift; sourceTree = "<group>"; };
		8496A582250EF0F4000A589C /* SceneDelegate.swift */ = {isa = PBXFileReference; lastKnownFileType = sourcecode.swift; path = SceneDelegate.swift; sourceTree = "<group>"; };
		8496A584250EF0F4000A589C /* ViewController.swift */ = {isa = PBXFileReference; lastKnownFileType = sourcecode.swift; path = ViewController.swift; sourceTree = "<group>"; };
		8496A587250EF0F4000A589C /* Base */ = {isa = PBXFileReference; lastKnownFileType = file.storyboard; name = Base; path = Base.lproj/Main.storyboard; sourceTree = "<group>"; };
		8496A589250EF102000A589C /* Assets.xcassets */ = {isa = PBXFileReference; lastKnownFileType = folder.assetcatalog; path = Assets.xcassets; sourceTree = "<group>"; };
		8496A58C250EF102000A589C /* Base */ = {isa = PBXFileReference; lastKnownFileType = file.storyboard; name = Base; path = Base.lproj/LaunchScreen.storyboard; sourceTree = "<group>"; };
		8496A58E250EF102000A589C /* Info.plist */ = {isa = PBXFileReference; lastKnownFileType = text.plist.xml; path = Info.plist; sourceTree = "<group>"; };
		8496A593250EF102000A589C /* FlowTests.xctest */ = {isa = PBXFileReference; explicitFileType = wrapper.cfbundle; includeInIndex = 0; path = FlowTests.xctest; sourceTree = BUILT_PRODUCTS_DIR; };
		8496A597250EF102000A589C /* FlowTests.swift */ = {isa = PBXFileReference; lastKnownFileType = sourcecode.swift; path = FlowTests.swift; sourceTree = "<group>"; };
		8496A599250EF102000A589C /* Info.plist */ = {isa = PBXFileReference; lastKnownFileType = text.plist.xml; path = Info.plist; sourceTree = "<group>"; };
		8496A59E250EF103000A589C /* FlowUITests.xctest */ = {isa = PBXFileReference; explicitFileType = wrapper.cfbundle; includeInIndex = 0; path = FlowUITests.xctest; sourceTree = BUILT_PRODUCTS_DIR; };
		8496A5A2250EF103000A589C /* FlowUITests.swift */ = {isa = PBXFileReference; lastKnownFileType = sourcecode.swift; path = FlowUITests.swift; sourceTree = "<group>"; };
		8496A5A4250EF103000A589C /* Info.plist */ = {isa = PBXFileReference; lastKnownFileType = text.plist.xml; path = Info.plist; sourceTree = "<group>"; };
/* End PBXFileReference section */

/* Begin PBXFrameworksBuildPhase section */
		8496A57A250EF0F4000A589C /* Frameworks */ = {
			isa = PBXFrameworksBuildPhase;
			buildActionMask = 2147483647;
			files = (
			);
			runOnlyForDeploymentPostprocessing = 0;
		};
		8496A590250EF102000A589C /* Frameworks */ = {
			isa = PBXFrameworksBuildPhase;
			buildActionMask = 2147483647;
			files = (
			);
			runOnlyForDeploymentPostprocessing = 0;
		};
		8496A59B250EF103000A589C /* Frameworks */ = {
			isa = PBXFrameworksBuildPhase;
			buildActionMask = 2147483647;
			files = (
			);
			runOnlyForDeploymentPostprocessing = 0;
		};
/* End PBXFrameworksBuildPhase section */

/* Begin PBXGroup section */
		8496A574250EF0F4000A589C = {
			isa = PBXGroup;
			children = (
				8496A57F250EF0F4000A589C /* Flow */,
				8496A596250EF102000A589C /* FlowTests */,
				8496A5A1250EF103000A589C /* FlowUITests */,
				8496A57E250EF0F4000A589C /* Products */,
			);
			sourceTree = "<group>";
		};
		8496A57E250EF0F4000A589C /* Products */ = {
			isa = PBXGroup;
			children = (
				8496A57D250EF0F4000A589C /* Flow.app */,
				8496A593250EF102000A589C /* FlowTests.xctest */,
				8496A59E250EF103000A589C /* FlowUITests.xctest */,
			);
			name = Products;
			sourceTree = "<group>";
		};
		8496A57F250EF0F4000A589C /* Flow */ = {
			isa = PBXGroup;
			children = (
				8496A580250EF0F4000A589C /* AppDelegate.swift */,
				8496A582250EF0F4000A589C /* SceneDelegate.swift */,
				8496A584250EF0F4000A589C /* ViewController.swift */,
				8496A586250EF0F4000A589C /* Main.storyboard */,
				8496A589250EF102000A589C /* Assets.xcassets */,
				8496A58B250EF102000A589C /* LaunchScreen.storyboard */,
				8496A58E250EF102000A589C /* Info.plist */,
			);
			path = Flow;
			sourceTree = "<group>";
		};
		8496A596250EF102000A589C /* FlowTests */ = {
			isa = PBXGroup;
			children = (
				8496A597250EF102000A589C /* FlowTests.swift */,
				8496A599250EF102000A589C /* Info.plist */,
			);
			path = FlowTests;
			sourceTree = "<group>";
		};
		8496A5A1250EF103000A589C /* FlowUITests */ = {
			isa = PBXGroup;
			children = (
				8496A5A2250EF103000A589C /* FlowUITests.swift */,
				8496A5A4250EF103000A589C /* Info.plist */,
			);
			path = FlowUITests;
			sourceTree = "<group>";
		};
/* End PBXGroup section */

/* Begin PBXNativeTarget section */
		8496A57C250EF0F4000A589C /* Flow */ = {
			isa = PBXNativeTarget;
			buildConfigurationList = 8496A5A7250EF103000A589C /* Build configuration list for PBXNativeTarget "Flow" */;
			buildPhases = (
				8496A579250EF0F4000A589C /* Sources */,
				8496A57A250EF0F4000A589C /* Frameworks */,
				8496A57B250EF0F4000A589C /* Resources */,
			);
			buildRules = (
			);
			dependencies = (
			);
			name = Flow;
			productName = Flow;
			productReference = 8496A57D250EF0F4000A589C /* Flow.app */;
			productType = "com.apple.product-type.application";
		};
		8496A592250EF102000A589C /* FlowTests */ = {
			isa = PBXNativeTarget;
			buildConfigurationList = 8496A5AA250EF103000A589C /* Build configuration list for PBXNativeTarget "FlowTests" */;
			buildPhases = (
				8496A58F250EF102000A589C /* Sources */,
				8496A590250EF102000A589C /* Frameworks */,
				8496A591250EF102000A589C /* Resources */,
			);
			buildRules = (
			);
			dependencies = (
				8496A595250EF102000A589C /* PBXTargetDependency */,
			);
			name = FlowTests;
			productName = FlowTests;
			productReference = 8496A593250EF102000A589C /* FlowTests.xctest */;
			productType = "com.apple.product-type.bundle.unit-test";
		};
		8496A59D250EF103000A589C /* FlowUITests */ = {
			isa = PBXNativeTarget;
			buildConfigurationList = 8496A5AD250EF103000A589C /* Build configuration list for PBXNativeTarget "FlowUITests" */;
			buildPhases = (
				8496A59A250EF103000A589C /* Sources */,
				8496A59B250EF103000A589C /* Frameworks */,
				8496A59C250EF103000A589C /* Resources */,
			);
			buildRules = (
			);
			dependencies = (
				8496A5A0250EF103000A589C /* PBXTargetDependency */,
			);
			name = FlowUITests;
			productName = FlowUITests;
			productReference = 8496A59E250EF103000A589C /* FlowUITests.xctest */;
			productType = "com.apple.product-type.bundle.ui-testing";
		};
/* End PBXNativeTarget section */

/* Begin PBXProject section */
		8496A575250EF0F4000A589C /* Project object */ = {
			isa = PBXProject;
			attributes = {
				LastSwiftUpdateCheck = 1130;
				LastUpgradeCheck = 1130;
				ORGANIZATIONNAME = "An Ton";
				TargetAttributes = {
					8496A57C250EF0F4000A589C = {
						CreatedOnToolsVersion = 11.3;
					};
					8496A592250EF102000A589C = {
						CreatedOnToolsVersion = 11.3;
						TestTargetID = 8496A57C250EF0F4000A589C;
					};
					8496A59D250EF103000A589C = {
						CreatedOnToolsVersion = 11.3;
						TestTargetID = 8496A57C250EF0F4000A589C;
					};
				};
			};
			buildConfigurationList = 8496A578250EF0F4000A589C /* Build configuration list for PBXProject "Flow" */;
			compatibilityVersion = "Xcode 9.3";
			developmentRegion = en;
			hasScannedForEncodings = 0;
			knownRegions = (
				en,
				Base,
			);
			mainGroup = 8496A574250EF0F4000A589C;
			productRefGroup = 8496A57E250EF0F4000A589C /* Products */;
			projectDirPath = "";
			projectRoot = "";
			targets = (
				8496A57C250EF0F4000A589C /* Flow */,
				8496A592250EF102000A589C /* FlowTests */,
				8496A59D250EF103000A589C /* FlowUITests */,
			);
		};
/* End PBXProject section */

/* Begin PBXResourcesBuildPhase section */
		8496A57B250EF0F4000A589C /* Resources */ = {
			isa = PBXResourcesBuildPhase;
			buildActionMask = 2147483647;
			files = (
				8496A58D250EF102000A589C /* LaunchScreen.storyboard in Resources */,
				8496A58A250EF102000A589C /* Assets.xcassets in Resources */,
				8496A588250EF0F4000A589C /* Main.storyboard in Resources */,
			);
			runOnlyForDeploymentPostprocessing = 0;
		};
		8496A591250EF102000A589C /* Resources */ = {
			isa = PBXResourcesBuildPhase;
			buildActionMask = 2147483647;
			files = (
			);
			runOnlyForDeploymentPostprocessing = 0;
		};
		8496A59C250EF103000A589C /* Resources */ = {
			isa = PBXResourcesBuildPhase;
			buildActionMask = 2147483647;
			files = (
			);
			runOnlyForDeploymentPostprocessing = 0;
		};
/* End PBXResourcesBuildPhase section */

/* Begin PBXSourcesBuildPhase section */
		8496A579250EF0F4000A589C /* Sources */ = {
			isa = PBXSourcesBuildPhase;
			buildActionMask = 2147483647;
			files = (
				8496A585250EF0F4000A589C /* ViewController.swift in Sources */,
				8496A581250EF0F4000A589C /* AppDelegate.swift in Sources */,
				8496A583250EF0F4000A589C /* SceneDelegate.swift in Sources */,
			);
			runOnlyForDeploymentPostprocessing = 0;
		};
		8496A58F250EF102000A589C /* Sources */ = {
			isa = PBXSourcesBuildPhase;
			buildActionMask = 2147483647;
			files = (
				8496A598250EF102000A589C /* FlowTests.swift in Sources */,
			);
			runOnlyForDeploymentPostprocessing = 0;
		};
		8496A59A250EF103000A589C /* Sources */ = {
			isa = PBXSourcesBuildPhase;
			buildActionMask = 2147483647;
			files = (
				8496A5A3250EF103000A589C /* FlowUITests.swift in Sources */,
			);
			runOnlyForDeploymentPostprocessing = 0;
		};
/* End PBXSourcesBuildPhase section */

/* Begin PBXTargetDependency section */
		8496A595250EF102000A589C /* PBXTargetDependency */ = {
			isa = PBXTargetDependency;
			target = 8496A57C250EF0F4000A589C /* Flow */;
			targetProxy = 8496A594250EF102000A589C /* PBXContainerItemProxy */;
		};
		8496A5A0250EF103000A589C /* PBXTargetDependency */ = {
			isa = PBXTargetDependency;
			target = 8496A57C250EF0F4000A589C /* Flow */;
			targetProxy = 8496A59F250EF103000A589C /* PBXContainerItemProxy */;
		};
/* End PBXTargetDependency section */

/* Begin PBXVariantGroup section */
		8496A586250EF0F4000A589C /* Main.storyboard */ = {
			isa = PBXVariantGroup;
			children = (
				8496A587250EF0F4000A589C /* Base */,
			);
			name = Main.storyboard;
			sourceTree = "<group>";
		};
		8496A58B250EF102000A589C /* LaunchScreen.storyboard */ = {
			isa = PBXVariantGroup;
			children = (
				8496A58C250EF102000A589C /* Base */,
			);
			name = LaunchScreen.storyboard;
			sourceTree = "<group>";
		};
/* End PBXVariantGroup section */

/* Begin XCBuildConfiguration section */
		8496A5A5250EF103000A589C /* Debug */ = {
			isa = XCBuildConfiguration;
			buildSettings = {
				ALWAYS_SEARCH_USER_PATHS = NO;
				CLANG_ANALYZER_NONNULL = YES;
				CLANG_ANALYZER_NUMBER_OBJECT_CONVERSION = YES_AGGRESSIVE;
				CLANG_CXX_LANGUAGE_STANDARD = "gnu++14";
				CLANG_CXX_LIBRARY = "libc++";
				CLANG_ENABLE_MODULES = YES;
				CLANG_ENABLE_OBJC_ARC = YES;
				CLANG_ENABLE_OBJC_WEAK = YES;
				CLANG_WARN_BLOCK_CAPTURE_AUTORELEASING = YES;
				CLANG_WARN_BOOL_CONVERSION = YES;
				CLANG_WARN_COMMA = YES;
				CLANG_WARN_CONSTANT_CONVERSION = YES;
				CLANG_WARN_DEPRECATED_OBJC_IMPLEMENTATIONS = YES;
				CLANG_WARN_DIRECT_OBJC_ISA_USAGE = YES_ERROR;
				CLANG_WARN_DOCUMENTATION_COMMENTS = YES;
				CLANG_WARN_EMPTY_BODY = YES;
				CLANG_WARN_ENUM_CONVERSION = YES;
				CLANG_WARN_INFINITE_RECURSION = YES;
				CLANG_WARN_INT_CONVERSION = YES;
				CLANG_WARN_NON_LITERAL_NULL_CONVERSION = YES;
				CLANG_WARN_OBJC_IMPLICIT_RETAIN_SELF = YES;
				CLANG_WARN_OBJC_LITERAL_CONVERSION = YES;
				CLANG_WARN_OBJC_ROOT_CLASS = YES_ERROR;
				CLANG_WARN_RANGE_LOOP_ANALYSIS = YES;
				CLANG_WARN_STRICT_PROTOTYPES = YES;
				CLANG_WARN_SUSPICIOUS_MOVE = YES;
				CLANG_WARN_UNGUARDED_AVAILABILITY = YES_AGGRESSIVE;
				CLANG_WARN_UNREACHABLE_CODE = YES;
				CLANG_WARN__DUPLICATE_METHOD_MATCH = YES;
				COPY_PHASE_STRIP = NO;
				DEBUG_INFORMATION_FORMAT = dwarf;
				ENABLE_STRICT_OBJC_MSGSEND = YES;
				ENABLE_TESTABILITY = YES;
				GCC_C_LANGUAGE_STANDARD = gnu11;
				GCC_DYNAMIC_NO_PIC = NO;
				GCC_NO_COMMON_BLOCKS = YES;
				GCC_OPTIMIZATION_LEVEL = 0;
				GCC_PREPROCESSOR_DEFINITIONS = (
					"DEBUG=1",
					"$(inherited)",
				);
				GCC_WARN_64_TO_32_BIT_CONVERSION = YES;
				GCC_WARN_ABOUT_RETURN_TYPE = YES_ERROR;
				GCC_WARN_UNDECLARED_SELECTOR = YES;
				GCC_WARN_UNINITIALIZED_AUTOS = YES_AGGRESSIVE;
				GCC_WARN_UNUSED_FUNCTION = YES;
				GCC_WARN_UNUSED_VARIABLE = YES;
				IPHONEOS_DEPLOYMENT_TARGET = 13.2;
				MTL_ENABLE_DEBUG_INFO = INCLUDE_SOURCE;
				MTL_FAST_MATH = YES;
				ONLY_ACTIVE_ARCH = YES;
				SDKROOT = iphoneos;
				SWIFT_ACTIVE_COMPILATION_CONDITIONS = DEBUG;
				SWIFT_OPTIMIZATION_LEVEL = "-Onone";
			};
			name = Debug;
		};
		8496A5A6250EF103000A589C /* Release */ = {
			isa = XCBuildConfiguration;
			buildSettings = {
				ALWAYS_SEARCH_USER_PATHS = NO;
				CLANG_ANALYZER_NONNULL = YES;
				CLANG_ANALYZER_NUMBER_OBJECT_CONVERSION = YES_AGGRESSIVE;
				CLANG_CXX_LANGUAGE_STANDARD = "gnu++14";
				CLANG_CXX_LIBRARY = "libc++";
				CLANG_ENABLE_MODULES = YES;
				CLANG_ENABLE_OBJC_ARC = YES;
				CLANG_ENABLE_OBJC_WEAK = YES;
				CLANG_WARN_BLOCK_CAPTURE_AUTORELEASING = YES;
				CLANG_WARN_BOOL_CONVERSION = YES;
				CLANG_WARN_COMMA = YES;
				CLANG_WARN_CONSTANT_CONVERSION = YES;
				CLANG_WARN_DEPRECATED_OBJC_IMPLEMENTATIONS = YES;
				CLANG_WARN_DIRECT_OBJC_ISA_USAGE = YES_ERROR;
				CLANG_WARN_DOCUMENTATION_COMMENTS = YES;
				CLANG_WARN_EMPTY_BODY = YES;
				CLANG_WARN_ENUM_CONVERSION = YES;
				CLANG_WARN_INFINITE_RECURSION = YES;
				CLANG_WARN_INT_CONVERSION = YES;
				CLANG_WARN_NON_LITERAL_NULL_CONVERSION = YES;
				CLANG_WARN_OBJC_IMPLICIT_RETAIN_SELF = YES;
				CLANG_WARN_OBJC_LITERAL_CONVERSION = YES;
				CLANG_WARN_OBJC_ROOT_CLASS = YES_ERROR;
				CLANG_WARN_RANGE_LOOP_ANALYSIS = YES;
				CLANG_WARN_STRICT_PROTOTYPES = YES;
				CLANG_WARN_SUSPICIOUS_MOVE = YES;
				CLANG_WARN_UNGUARDED_AVAILABILITY = YES_AGGRESSIVE;
				CLANG_WARN_UNREACHABLE_CODE = YES;
				CLANG_WARN__DUPLICATE_METHOD_MATCH = YES;
				COPY_PHASE_STRIP = NO;
				DEBUG_INFORMATION_FORMAT = "dwarf-with-dsym";
				ENABLE_NS_ASSERTIONS = NO;
				ENABLE_STRICT_OBJC_MSGSEND = YES;
				GCC_C_LANGUAGE_STANDARD = gnu11;
				GCC_NO_COMMON_BLOCKS = YES;
				GCC_WARN_64_TO_32_BIT_CONVERSION = YES;
				GCC_WARN_ABOUT_RETURN_TYPE = YES_ERROR;
				GCC_WARN_UNDECLARED_SELECTOR = YES;
				GCC_WARN_UNINITIALIZED_AUTOS = YES_AGGRESSIVE;
				GCC_WARN_UNUSED_FUNCTION = YES;
				GCC_WARN_UNUSED_VARIABLE = YES;
				IPHONEOS_DEPLOYMENT_TARGET = 13.2;
				MTL_ENABLE_DEBUG_INFO = NO;
				MTL_FAST_MATH = YES;
				SDKROOT = iphoneos;
				SWIFT_COMPILATION_MODE = wholemodule;
				SWIFT_OPTIMIZATION_LEVEL = "-O";
				VALIDATE_PRODUCT = YES;
			};
			name = Release;
		};
		8496A5A8250EF103000A589C /* Debug */ = {
			isa = XCBuildConfiguration;
			buildSettings = {
				ASSETCATALOG_COMPILER_APPICON_NAME = AppIcon;
				CODE_SIGN_STYLE = Automatic;
				INFOPLIST_FILE = Flow/Info.plist;
				LD_RUNPATH_SEARCH_PATHS = (
					"$(inherited)",
					"@executable_path/Frameworks",
				);
				PRODUCT_BUNDLE_IDENTIFIER = com.anton.Flow;
				PRODUCT_NAME = "$(TARGET_NAME)";
				SWIFT_VERSION = 5.0;
				TARGETED_DEVICE_FAMILY = "1,2";
			};
			name = Debug;
		};
		8496A5A9250EF103000A589C /* Release */ = {
			isa = XCBuildConfiguration;
			buildSettings = {
				ASSETCATALOG_COMPILER_APPICON_NAME = AppIcon;
				CODE_SIGN_STYLE = Automatic;
				INFOPLIST_FILE = Flow/Info.plist;
				LD_RUNPATH_SEARCH_PATHS = (
					"$(inherited)",
					"@executable_path/Frameworks",
				);
				PRODUCT_BUNDLE_IDENTIFIER = com.anton.Flow;
				PRODUCT_NAME = "$(TARGET_NAME)";
				SWIFT_VERSION = 5.0;
				TARGETED_DEVICE_FAMILY = "1,2";
			};
			name = Release;
		};
		8496A5AB250EF103000A589C /* Debug */ = {
			isa = XCBuildConfiguration;
			buildSettings = {
				ALWAYS_EMBED_SWIFT_STANDARD_LIBRARIES = YES;
				BUNDLE_LOADER = "$(TEST_HOST)";
				CODE_SIGN_STYLE = Automatic;
				INFOPLIST_FILE = FlowTests/Info.plist;
				IPHONEOS_DEPLOYMENT_TARGET = 13.2;
				LD_RUNPATH_SEARCH_PATHS = (
					"$(inherited)",
					"@executable_path/Frameworks",
					"@loader_path/Frameworks",
				);
				PRODUCT_BUNDLE_IDENTIFIER = com.anton.FlowTests;
				PRODUCT_NAME = "$(TARGET_NAME)";
				SWIFT_VERSION = 5.0;
				TARGETED_DEVICE_FAMILY = "1,2";
				TEST_HOST = "$(BUILT_PRODUCTS_DIR)/Flow.app/Flow";
			};
			name = Debug;
		};
		8496A5AC250EF103000A589C /* Release */ = {
			isa = XCBuildConfiguration;
			buildSettings = {
				ALWAYS_EMBED_SWIFT_STANDARD_LIBRARIES = YES;
				BUNDLE_LOADER = "$(TEST_HOST)";
				CODE_SIGN_STYLE = Automatic;
				INFOPLIST_FILE = FlowTests/Info.plist;
				IPHONEOS_DEPLOYMENT_TARGET = 13.2;
				LD_RUNPATH_SEARCH_PATHS = (
					"$(inherited)",
					"@executable_path/Frameworks",
					"@loader_path/Frameworks",
				);
				PRODUCT_BUNDLE_IDENTIFIER = com.anton.FlowTests;
				PRODUCT_NAME = "$(TARGET_NAME)";
				SWIFT_VERSION = 5.0;
				TARGETED_DEVICE_FAMILY = "1,2";
				TEST_HOST = "$(BUILT_PRODUCTS_DIR)/Flow.app/Flow";
			};
			name = Release;
		};
		8496A5AE250EF103000A589C /* Debug */ = {
			isa = XCBuildConfiguration;
			buildSettings = {
				ALWAYS_EMBED_SWIFT_STANDARD_LIBRARIES = YES;
				CODE_SIGN_STYLE = Automatic;
				INFOPLIST_FILE = FlowUITests/Info.plist;
				LD_RUNPATH_SEARCH_PATHS = (
					"$(inherited)",
					"@executable_path/Frameworks",
					"@loader_path/Frameworks",
				);
				PRODUCT_BUNDLE_IDENTIFIER = com.anton.FlowUITests;
				PRODUCT_NAME = "$(TARGET_NAME)";
				SWIFT_VERSION = 5.0;
				TARGETED_DEVICE_FAMILY = "1,2";
				TEST_TARGET_NAME = Flow;
			};
			name = Debug;
		};
		8496A5AF250EF103000A589C /* Release */ = {
			isa = XCBuildConfiguration;
			buildSettings = {
				ALWAYS_EMBED_SWIFT_STANDARD_LIBRARIES = YES;
				CODE_SIGN_STYLE = Automatic;
				INFOPLIST_FILE = FlowUITests/Info.plist;
				LD_RUNPATH_SEARCH_PATHS = (
					"$(inherited)",
					"@executable_path/Frameworks",
					"@loader_path/Frameworks",
				);
				PRODUCT_BUNDLE_IDENTIFIER = com.anton.FlowUITests;
				PRODUCT_NAME = "$(TARGET_NAME)";
				SWIFT_VERSION = 5.0;
				TARGETED_DEVICE_FAMILY = "1,2";
				TEST_TARGET_NAME = Flow;
			};
			name = Release;
		};
/* End XCBuildConfiguration section */

/* Begin XCConfigurationList section */
		8496A578250EF0F4000A589C /* Build configuration list for PBXProject "Flow" */ = {
			isa = XCConfigurationList;
			buildConfigurations = (
				8496A5A5250EF103000A589C /* Debug */,
				8496A5A6250EF103000A589C /* Release */,
			);
			defaultConfigurationIsVisible = 0;
			defaultConfigurationName = Release;
		};
		8496A5A7250EF103000A589C /* Build configuration list for PBXNativeTarget "Flow" */ = {
			isa = XCConfigurationList;
			buildConfigurations = (
				8496A5A8250EF103000A589C /* Debug */,
				8496A5A9250EF103000A589C /* Release */,
			);
			defaultConfigurationIsVisible = 0;
			defaultConfigurationName = Release;
		};
		8496A5AA250EF103000A589C /* Build configuration list for PBXNativeTarget "FlowTests" */ = {
			isa = XCConfigurationList;
			buildConfigurations = (
				8496A5AB250EF103000A589C /* Debug */,
				8496A5AC250EF103000A589C /* Release */,
			);
			defaultConfigurationIsVisible = 0;
			defaultConfigurationName = Release;
		};
		8496A5AD250EF103000A589C /* Build configuration list for PBXNativeTarget "FlowUITests" */ = {
			isa = XCConfigurationList;
			buildConfigurations = (
				8496A5AE250EF103000A589C /* Debug */,
				8496A5AF250EF103000A589C /* Release */,
			);
			defaultConfigurationIsVisible = 0;
			defaultConfigurationName = Release;
		};
/* End XCConfigurationList section */
	};
	rootObject = 8496A575250EF0F4000A589C /* Project object */;
}
